
Microsoft Visual Studio Solution File, Format Version 12.00
# Visual Studio 15
VisualStudioVersion = 15.0.27703.2026
MinimumVisualStudioVersion = 10.0.40219.1
Project("{FAE04EC0-301F-11D3-BF4B-00C04F79EFBC}") = "Hospital", "Hospital\Hospital.csproj", "{8ED7DB23-A6AC-4AC4-B3FB-9BDF48AB3838}"
EndProject
Project("{FAE04EC0-301F-11D3-BF4B-00C04F79EFBC}") = "DAL", "DAL\DAL.csproj", "{61849C56-DCD2-43FE-B254-26BD20FB2E01}"
EndProject
Global
	GlobalSection(SolutionConfigurationPlatforms) = preSolution
		Debug|Any CPU = Debug|Any CPU
		Release|Any CPU = Release|Any CPU
	EndGlobalSection
	GlobalSection(ProjectConfigurationPlatforms) = postSolution
		{8ED7DB23-A6AC-4AC4-B3FB-9BDF48AB3838}.Debug|Any CPU.ActiveCfg = Debug|Any CPU
		{8ED7DB23-A6AC-4AC4-B3FB-9BDF48AB3838}.Debug|Any CPU.Build.0 = Debug|Any CPU
		{8ED7DB23-A6AC-4AC4-B3FB-9BDF48AB3838}.Release|Any CPU.ActiveCfg = Release|Any CPU
		{8ED7DB23-A6AC-4AC4-B3FB-9BDF48AB3838}.Release|Any CPU.Build.0 = Release|Any CPU
		{61849C56-DCD2-43FE-B254-26BD20FB2E01}.Debug|Any CPU.ActiveCfg = Debug|Any CPU
		{61849C56-DCD2-43FE-B254-26BD20FB2E01}.Debug|Any CPU.Build.0 = Debug|Any CPU
		{61849C56-DCD2-43FE-B254-26BD20FB2E01}.Release|Any CPU.ActiveCfg = Release|Any CPU
		{61849C56-DCD2-43FE-B254-26BD20FB2E01}.Release|Any CPU.Build.0 = Release|Any CPU
	EndGlobalSection
	GlobalSection(SolutionProperties) = preSolution
		HideSolutionNode = FALSE
	EndGlobalSection
	GlobalSection(ExtensibilityGlobals) = postSolution
		SolutionGuid = {730426FF-8729-4220-B027-7948D3AEE3DA}
	EndGlobalSection
EndGlobal
